
Microsoft Visual Studio Solution File, Format Version 12.00
# Visual Studio Version 16
VisualStudioVersion = 16.0.29503.13
MinimumVisualStudioVersion = 10.0.40219.1
Project("{FAE04EC0-301F-11D3-BF4B-00C04F79EFBC}") = "paint", "paint\paint.csproj", "{B3C251B8-49AD-4051-A28A-CADECF467F3E}"
EndProject
Global
	GlobalSection(SolutionConfigurationPlatforms) = preSolution
		Debug|Any CPU = Debug|Any CPU
		Release|Any CPU = Release|Any CPU
	EndGlobalSection
	GlobalSection(ProjectConfigurationPlatforms) = postSolution
		{B3C251B8-49AD-4051-A28A-CADECF467F3E}.Debug|Any CPU.ActiveCfg = Debug|Any CPU
		{B3C251B8-49AD-4051-A28A-CADECF467F3E}.Debug|Any CPU.Build.0 = Debug|Any CPU
		{B3C251B8-49AD-4051-A28A-CADECF467F3E}.Release|Any CPU.ActiveCfg = Release|Any CPU
		{B3C251B8-49AD-4051-A28A-CADECF467F3E}.Release|Any CPU.Build.0 = Release|Any CPU
	EndGlobalSection
	GlobalSection(SolutionProperties) = preSolution
		HideSolutionNode = FALSE
	EndGlobalSection
	GlobalSection(ExtensibilityGlobals) = postSolution
		SolutionGuid = {81171D71-4BBB-42B4-ADAE-89B76D48D692}
	EndGlobalSection
EndGlobal
