
Microsoft Visual Studio Solution File, Format Version 12.00
# Visual Studio Version 16
VisualStudioVersion = 16.0.29215.179
MinimumVisualStudioVersion = 10.0.40219.1
Project("{FAE04EC0-301F-11D3-BF4B-00C04F79EFBC}") = "GDIPlus_1", "GDIPlus_1\GDIPlus_1.csproj", "{DC15260B-3CC2-4AD2-AE3F-BB248F8E777C}"
EndProject
Global
	GlobalSection(SolutionConfigurationPlatforms) = preSolution
		Debug|Any CPU = Debug|Any CPU
		Release|Any CPU = Release|Any CPU
	EndGlobalSection
	GlobalSection(ProjectConfigurationPlatforms) = postSolution
		{DC15260B-3CC2-4AD2-AE3F-BB248F8E777C}.Debug|Any CPU.ActiveCfg = Debug|Any CPU
		{DC15260B-3CC2-4AD2-AE3F-BB248F8E777C}.Debug|Any CPU.Build.0 = Debug|Any CPU
		{DC15260B-3CC2-4AD2-AE3F-BB248F8E777C}.Release|Any CPU.ActiveCfg = Release|Any CPU
		{DC15260B-3CC2-4AD2-AE3F-BB248F8E777C}.Release|Any CPU.Build.0 = Release|Any CPU
	EndGlobalSection
	GlobalSection(SolutionProperties) = preSolution
		HideSolutionNode = FALSE
	EndGlobalSection
	GlobalSection(ExtensibilityGlobals) = postSolution
		SolutionGuid = {A128203F-7003-4AD6-8FA3-91C2C21FDAB9}
	EndGlobalSection
EndGlobal
