
Microsoft Visual Studio Solution File, Format Version 12.00
# Visual Studio Version 16
VisualStudioVersion = 16.0.29215.179
MinimumVisualStudioVersion = 10.0.40219.1
Project("{FAE04EC0-301F-11D3-BF4B-00C04F79EFBC}") = "WindowsFormsApp1", "WindowsFormsApp1\WindowsFormsApp1.csproj", "{2685FD33-1A62-4B5E-A5D0-D050793758D9}"
EndProject
Global
	GlobalSection(SolutionConfigurationPlatforms) = preSolution
		Debug|Any CPU = Debug|Any CPU
		Release|Any CPU = Release|Any CPU
	EndGlobalSection
	GlobalSection(ProjectConfigurationPlatforms) = postSolution
		{2685FD33-1A62-4B5E-A5D0-D050793758D9}.Debug|Any CPU.ActiveCfg = Debug|Any CPU
		{2685FD33-1A62-4B5E-A5D0-D050793758D9}.Debug|Any CPU.Build.0 = Debug|Any CPU
		{2685FD33-1A62-4B5E-A5D0-D050793758D9}.Release|Any CPU.ActiveCfg = Release|Any CPU
		{2685FD33-1A62-4B5E-A5D0-D050793758D9}.Release|Any CPU.Build.0 = Release|Any CPU
	EndGlobalSection
	GlobalSection(SolutionProperties) = preSolution
		HideSolutionNode = FALSE
	EndGlobalSection
	GlobalSection(ExtensibilityGlobals) = postSolution
		SolutionGuid = {6BCD3FBF-B127-468C-83FF-E9A35FCC2509}
	EndGlobalSection
EndGlobal
