
Microsoft Visual Studio Solution File, Format Version 12.00
# Visual Studio Version 16
VisualStudioVersion = 16.0.29215.179
MinimumVisualStudioVersion = 10.0.40219.1
Project("{FAE04EC0-301F-11D3-BF4B-00C04F79EFBC}") = "week-09", "week-09\week-09.csproj", "{C7AAC763-6981-4F91-BC8B-15237A161ACA}"
EndProject
Global
	GlobalSection(SolutionConfigurationPlatforms) = preSolution
		Debug|Any CPU = Debug|Any CPU
		Release|Any CPU = Release|Any CPU
	EndGlobalSection
	GlobalSection(ProjectConfigurationPlatforms) = postSolution
		{C7AAC763-6981-4F91-BC8B-15237A161ACA}.Debug|Any CPU.ActiveCfg = Debug|Any CPU
		{C7AAC763-6981-4F91-BC8B-15237A161ACA}.Debug|Any CPU.Build.0 = Debug|Any CPU
		{C7AAC763-6981-4F91-BC8B-15237A161ACA}.Release|Any CPU.ActiveCfg = Release|Any CPU
		{C7AAC763-6981-4F91-BC8B-15237A161ACA}.Release|Any CPU.Build.0 = Release|Any CPU
	EndGlobalSection
	GlobalSection(SolutionProperties) = preSolution
		HideSolutionNode = FALSE
	EndGlobalSection
	GlobalSection(ExtensibilityGlobals) = postSolution
		SolutionGuid = {76D21179-3B12-4900-885E-43817626CE3E}
	EndGlobalSection
EndGlobal
