
Microsoft Visual Studio Solution File, Format Version 12.00
# Visual Studio 15
VisualStudioVersion = 15.0.28307.779
MinimumVisualStudioVersion = 10.0.40219.1
Project("{FAE04EC0-301F-11D3-BF4B-00C04F79EFBC}") = "GDIPlus_1", "GDIPlus_1\GDIPlus_1.csproj", "{43CC73A5-2330-4EBE-A97D-BA3F0DD7CB73}"
EndProject
Global
	GlobalSection(SolutionConfigurationPlatforms) = preSolution
		Debug|Any CPU = Debug|Any CPU
		Release|Any CPU = Release|Any CPU
	EndGlobalSection
	GlobalSection(ProjectConfigurationPlatforms) = postSolution
		{43CC73A5-2330-4EBE-A97D-BA3F0DD7CB73}.Debug|Any CPU.ActiveCfg = Debug|Any CPU
		{43CC73A5-2330-4EBE-A97D-BA3F0DD7CB73}.Debug|Any CPU.Build.0 = Debug|Any CPU
		{43CC73A5-2330-4EBE-A97D-BA3F0DD7CB73}.Release|Any CPU.ActiveCfg = Release|Any CPU
		{43CC73A5-2330-4EBE-A97D-BA3F0DD7CB73}.Release|Any CPU.Build.0 = Release|Any CPU
	EndGlobalSection
	GlobalSection(SolutionProperties) = preSolution
		HideSolutionNode = FALSE
	EndGlobalSection
	GlobalSection(ExtensibilityGlobals) = postSolution
		SolutionGuid = {0C48F20E-CB30-46FC-8BB7-3BA00A1DB208}
	EndGlobalSection
EndGlobal
