
Microsoft Visual Studio Solution File, Format Version 12.00
# Visual Studio Version 16
VisualStudioVersion = 16.0.29509.3
MinimumVisualStudioVersion = 10.0.40219.1
Project("{FAE04EC0-301F-11D3-BF4B-00C04F79EFBC}") = "GDI", "GDI\GDI.csproj", "{AAEE8157-0684-428D-8086-E9B772E46E8E}"
EndProject
Global
	GlobalSection(SolutionConfigurationPlatforms) = preSolution
		Debug|Any CPU = Debug|Any CPU
		Release|Any CPU = Release|Any CPU
	EndGlobalSection
	GlobalSection(ProjectConfigurationPlatforms) = postSolution
		{AAEE8157-0684-428D-8086-E9B772E46E8E}.Debug|Any CPU.ActiveCfg = Debug|Any CPU
		{AAEE8157-0684-428D-8086-E9B772E46E8E}.Debug|Any CPU.Build.0 = Debug|Any CPU
		{AAEE8157-0684-428D-8086-E9B772E46E8E}.Release|Any CPU.ActiveCfg = Release|Any CPU
		{AAEE8157-0684-428D-8086-E9B772E46E8E}.Release|Any CPU.Build.0 = Release|Any CPU
	EndGlobalSection
	GlobalSection(SolutionProperties) = preSolution
		HideSolutionNode = FALSE
	EndGlobalSection
	GlobalSection(ExtensibilityGlobals) = postSolution
		SolutionGuid = {DBAB1800-A547-4829-A8DF-FAA87F55698A}
	EndGlobalSection
EndGlobal
