
Microsoft Visual Studio Solution File, Format Version 12.00
# Visual Studio Version 16
VisualStudioVersion = 16.0.29215.179
MinimumVisualStudioVersion = 10.0.40219.1
Project("{FAE04EC0-301F-11D3-BF4B-00C04F79EFBC}") = "GDIPlus_1", "GDIPlus_1\GDIPlus_1.csproj", "{89561372-63F3-4041-BA84-3672844DB774}"
EndProject
Global
	GlobalSection(SolutionConfigurationPlatforms) = preSolution
		Debug|Any CPU = Debug|Any CPU
		Release|Any CPU = Release|Any CPU
	EndGlobalSection
	GlobalSection(ProjectConfigurationPlatforms) = postSolution
		{89561372-63F3-4041-BA84-3672844DB774}.Debug|Any CPU.ActiveCfg = Debug|Any CPU
		{89561372-63F3-4041-BA84-3672844DB774}.Debug|Any CPU.Build.0 = Debug|Any CPU
		{89561372-63F3-4041-BA84-3672844DB774}.Release|Any CPU.ActiveCfg = Release|Any CPU
		{89561372-63F3-4041-BA84-3672844DB774}.Release|Any CPU.Build.0 = Release|Any CPU
	EndGlobalSection
	GlobalSection(SolutionProperties) = preSolution
		HideSolutionNode = FALSE
	EndGlobalSection
	GlobalSection(ExtensibilityGlobals) = postSolution
		SolutionGuid = {D4B54677-B92D-40B3-9658-385355A89BCA}
	EndGlobalSection
EndGlobal
